
Microsoft Visual Studio Solution File, Format Version 12.00
# Visual Studio 15
VisualStudioVersion = 15.0.28307.1267
MinimumVisualStudioVersion = 10.0.40219.1
Project("{FAE04EC0-301F-11D3-BF4B-00C04F79EFBC}") = "Cau1_2", "Cau1_2\Cau1_2.csproj", "{D82907DE-9D52-4A00-919A-832F67ABB02F}"
EndProject
Global
	GlobalSection(SolutionConfigurationPlatforms) = preSolution
		Debug|Any CPU = Debug|Any CPU
		Release|Any CPU = Release|Any CPU
	EndGlobalSection
	GlobalSection(ProjectConfigurationPlatforms) = postSolution
		{D82907DE-9D52-4A00-919A-832F67ABB02F}.Debug|Any CPU.ActiveCfg = Debug|Any CPU
		{D82907DE-9D52-4A00-919A-832F67ABB02F}.Debug|Any CPU.Build.0 = Debug|Any CPU
		{D82907DE-9D52-4A00-919A-832F67ABB02F}.Release|Any CPU.ActiveCfg = Release|Any CPU
		{D82907DE-9D52-4A00-919A-832F67ABB02F}.Release|Any CPU.Build.0 = Release|Any CPU
	EndGlobalSection
	GlobalSection(SolutionProperties) = preSolution
		HideSolutionNode = FALSE
	EndGlobalSection
	GlobalSection(ExtensibilityGlobals) = postSolution
		SolutionGuid = {645FD4D1-B16E-4203-BBD2-4FD75F9AFD2A}
	EndGlobalSection
EndGlobal
