
Microsoft Visual Studio Solution File, Format Version 12.00
# Visual Studio 15
VisualStudioVersion = 15.0.28307.1267
MinimumVisualStudioVersion = 10.0.40219.1
Project("{FAE04EC0-301F-11D3-BF4B-00C04F79EFBC}") = "Cau3", "Cau3\Cau3.csproj", "{B4890522-26E7-4BB5-A658-A8850B19DFC9}"
EndProject
Global
	GlobalSection(SolutionConfigurationPlatforms) = preSolution
		Debug|Any CPU = Debug|Any CPU
		Release|Any CPU = Release|Any CPU
	EndGlobalSection
	GlobalSection(ProjectConfigurationPlatforms) = postSolution
		{B4890522-26E7-4BB5-A658-A8850B19DFC9}.Debug|Any CPU.ActiveCfg = Debug|Any CPU
		{B4890522-26E7-4BB5-A658-A8850B19DFC9}.Debug|Any CPU.Build.0 = Debug|Any CPU
		{B4890522-26E7-4BB5-A658-A8850B19DFC9}.Release|Any CPU.ActiveCfg = Release|Any CPU
		{B4890522-26E7-4BB5-A658-A8850B19DFC9}.Release|Any CPU.Build.0 = Release|Any CPU
	EndGlobalSection
	GlobalSection(SolutionProperties) = preSolution
		HideSolutionNode = FALSE
	EndGlobalSection
	GlobalSection(ExtensibilityGlobals) = postSolution
		SolutionGuid = {D271AF58-8369-4DB1-99A3-CC063C94020E}
	EndGlobalSection
EndGlobal
