
Microsoft Visual Studio Solution File, Format Version 12.00
# Visual Studio 15
VisualStudioVersion = 15.0.28307.1267
MinimumVisualStudioVersion = 10.0.40219.1
Project("{FAE04EC0-301F-11D3-BF4B-00C04F79EFBC}") = "Cau4", "Cau4\Cau4.csproj", "{618A927B-D7A7-4EB0-B88B-9941483CB19D}"
EndProject
Global
	GlobalSection(SolutionConfigurationPlatforms) = preSolution
		Debug|Any CPU = Debug|Any CPU
		Release|Any CPU = Release|Any CPU
	EndGlobalSection
	GlobalSection(ProjectConfigurationPlatforms) = postSolution
		{618A927B-D7A7-4EB0-B88B-9941483CB19D}.Debug|Any CPU.ActiveCfg = Debug|Any CPU
		{618A927B-D7A7-4EB0-B88B-9941483CB19D}.Debug|Any CPU.Build.0 = Debug|Any CPU
		{618A927B-D7A7-4EB0-B88B-9941483CB19D}.Release|Any CPU.ActiveCfg = Release|Any CPU
		{618A927B-D7A7-4EB0-B88B-9941483CB19D}.Release|Any CPU.Build.0 = Release|Any CPU
	EndGlobalSection
	GlobalSection(SolutionProperties) = preSolution
		HideSolutionNode = FALSE
	EndGlobalSection
	GlobalSection(ExtensibilityGlobals) = postSolution
		SolutionGuid = {CEA514BC-242B-4C77-8848-A066A0EEB791}
	EndGlobalSection
EndGlobal
