
Microsoft Visual Studio Solution File, Format Version 12.00
# Visual Studio 15
VisualStudioVersion = 15.0.28307.1267
MinimumVisualStudioVersion = 10.0.40219.1
Project("{FAE04EC0-301F-11D3-BF4B-00C04F79EFBC}") = "Cau2", "Cau2\Cau2.csproj", "{38BCE436-814D-4709-B084-339E8143F105}"
EndProject
Global
	GlobalSection(SolutionConfigurationPlatforms) = preSolution
		Debug|Any CPU = Debug|Any CPU
		Release|Any CPU = Release|Any CPU
	EndGlobalSection
	GlobalSection(ProjectConfigurationPlatforms) = postSolution
		{38BCE436-814D-4709-B084-339E8143F105}.Debug|Any CPU.ActiveCfg = Debug|Any CPU
		{38BCE436-814D-4709-B084-339E8143F105}.Debug|Any CPU.Build.0 = Debug|Any CPU
		{38BCE436-814D-4709-B084-339E8143F105}.Release|Any CPU.ActiveCfg = Release|Any CPU
		{38BCE436-814D-4709-B084-339E8143F105}.Release|Any CPU.Build.0 = Release|Any CPU
	EndGlobalSection
	GlobalSection(SolutionProperties) = preSolution
		HideSolutionNode = FALSE
	EndGlobalSection
	GlobalSection(ExtensibilityGlobals) = postSolution
		SolutionGuid = {0238BD35-6D3B-4821-9FF9-D7C3A4B4FC16}
	EndGlobalSection
EndGlobal
