
Microsoft Visual Studio Solution File, Format Version 12.00
# Visual Studio 15
VisualStudioVersion = 15.0.28307.1267
MinimumVisualStudioVersion = 10.0.40219.1
Project("{FAE04EC0-301F-11D3-BF4B-00C04F79EFBC}") = "Non-preemptive", "Cau2\Non-preemptive.csproj", "{9333E795-6C72-4B2E-B176-542466BEDBDA}"
EndProject
Project("{FAE04EC0-301F-11D3-BF4B-00C04F79EFBC}") = "Preemptive", "Cau2_2\Preemptive.csproj", "{11F4587B-5A0D-4C04-8B84-B36117BCBD36}"
EndProject
Global
	GlobalSection(SolutionConfigurationPlatforms) = preSolution
		Debug|Any CPU = Debug|Any CPU
		Release|Any CPU = Release|Any CPU
	EndGlobalSection
	GlobalSection(ProjectConfigurationPlatforms) = postSolution
		{9333E795-6C72-4B2E-B176-542466BEDBDA}.Debug|Any CPU.ActiveCfg = Debug|Any CPU
		{9333E795-6C72-4B2E-B176-542466BEDBDA}.Debug|Any CPU.Build.0 = Debug|Any CPU
		{9333E795-6C72-4B2E-B176-542466BEDBDA}.Release|Any CPU.ActiveCfg = Release|Any CPU
		{9333E795-6C72-4B2E-B176-542466BEDBDA}.Release|Any CPU.Build.0 = Release|Any CPU
		{11F4587B-5A0D-4C04-8B84-B36117BCBD36}.Debug|Any CPU.ActiveCfg = Debug|Any CPU
		{11F4587B-5A0D-4C04-8B84-B36117BCBD36}.Debug|Any CPU.Build.0 = Debug|Any CPU
		{11F4587B-5A0D-4C04-8B84-B36117BCBD36}.Release|Any CPU.ActiveCfg = Release|Any CPU
		{11F4587B-5A0D-4C04-8B84-B36117BCBD36}.Release|Any CPU.Build.0 = Release|Any CPU
	EndGlobalSection
	GlobalSection(SolutionProperties) = preSolution
		HideSolutionNode = FALSE
	EndGlobalSection
	GlobalSection(ExtensibilityGlobals) = postSolution
		SolutionGuid = {551B316F-42B6-4A1E-B506-8E562D51CF95}
	EndGlobalSection
EndGlobal
