
Microsoft Visual Studio Solution File, Format Version 12.00
# Visual Studio 15
VisualStudioVersion = 15.0.28307.1267
MinimumVisualStudioVersion = 10.0.40219.1
Project("{FAE04EC0-301F-11D3-BF4B-00C04F79EFBC}") = "Cau1", "Cau1\Cau1.csproj", "{95B3B0A3-C900-4CFE-9A7C-3E25F48B07FC}"
EndProject
Global
	GlobalSection(SolutionConfigurationPlatforms) = preSolution
		Debug|Any CPU = Debug|Any CPU
		Release|Any CPU = Release|Any CPU
	EndGlobalSection
	GlobalSection(ProjectConfigurationPlatforms) = postSolution
		{95B3B0A3-C900-4CFE-9A7C-3E25F48B07FC}.Debug|Any CPU.ActiveCfg = Debug|Any CPU
		{95B3B0A3-C900-4CFE-9A7C-3E25F48B07FC}.Debug|Any CPU.Build.0 = Debug|Any CPU
		{95B3B0A3-C900-4CFE-9A7C-3E25F48B07FC}.Release|Any CPU.ActiveCfg = Release|Any CPU
		{95B3B0A3-C900-4CFE-9A7C-3E25F48B07FC}.Release|Any CPU.Build.0 = Release|Any CPU
	EndGlobalSection
	GlobalSection(SolutionProperties) = preSolution
		HideSolutionNode = FALSE
	EndGlobalSection
	GlobalSection(ExtensibilityGlobals) = postSolution
		SolutionGuid = {44150FD9-7AB5-4AC8-BF9A-6B460204F9A6}
	EndGlobalSection
EndGlobal
