
Microsoft Visual Studio Solution File, Format Version 12.00
# Visual Studio 15
VisualStudioVersion = 15.0.28307.1267
MinimumVisualStudioVersion = 10.0.40219.1
Project("{FAE04EC0-301F-11D3-BF4B-00C04F79EFBC}") = "Cau2_Server", "Cau2\Cau2_Server.csproj", "{56032B41-FD6B-4EFD-8B0A-2E4702B0D405}"
EndProject
Project("{FAE04EC0-301F-11D3-BF4B-00C04F79EFBC}") = "Cau2_Client", "Cau2_Client\Cau2_Client.csproj", "{32F50608-64BB-40F6-96A4-DD97CC2AA16D}"
EndProject
Global
	GlobalSection(SolutionConfigurationPlatforms) = preSolution
		Debug|Any CPU = Debug|Any CPU
		Release|Any CPU = Release|Any CPU
	EndGlobalSection
	GlobalSection(ProjectConfigurationPlatforms) = postSolution
		{56032B41-FD6B-4EFD-8B0A-2E4702B0D405}.Debug|Any CPU.ActiveCfg = Debug|Any CPU
		{56032B41-FD6B-4EFD-8B0A-2E4702B0D405}.Debug|Any CPU.Build.0 = Debug|Any CPU
		{56032B41-FD6B-4EFD-8B0A-2E4702B0D405}.Release|Any CPU.ActiveCfg = Release|Any CPU
		{56032B41-FD6B-4EFD-8B0A-2E4702B0D405}.Release|Any CPU.Build.0 = Release|Any CPU
		{32F50608-64BB-40F6-96A4-DD97CC2AA16D}.Debug|Any CPU.ActiveCfg = Debug|Any CPU
		{32F50608-64BB-40F6-96A4-DD97CC2AA16D}.Debug|Any CPU.Build.0 = Debug|Any CPU
		{32F50608-64BB-40F6-96A4-DD97CC2AA16D}.Release|Any CPU.ActiveCfg = Release|Any CPU
		{32F50608-64BB-40F6-96A4-DD97CC2AA16D}.Release|Any CPU.Build.0 = Release|Any CPU
	EndGlobalSection
	GlobalSection(SolutionProperties) = preSolution
		HideSolutionNode = FALSE
	EndGlobalSection
	GlobalSection(ExtensibilityGlobals) = postSolution
		SolutionGuid = {E10BA418-51D3-42D0-827D-5A81FE2F5442}
	EndGlobalSection
EndGlobal
