
Microsoft Visual Studio Solution File, Format Version 12.00
# Visual Studio 15
VisualStudioVersion = 15.0.28307.1267
MinimumVisualStudioVersion = 10.0.40219.1
Project("{FAE04EC0-301F-11D3-BF4B-00C04F79EFBC}") = "Cau3", "Cau3\Cau3.csproj", "{96F56795-90F1-43B7-8763-7918E6FB7ED3}"
EndProject
Global
	GlobalSection(SolutionConfigurationPlatforms) = preSolution
		Debug|Any CPU = Debug|Any CPU
		Release|Any CPU = Release|Any CPU
	EndGlobalSection
	GlobalSection(ProjectConfigurationPlatforms) = postSolution
		{96F56795-90F1-43B7-8763-7918E6FB7ED3}.Debug|Any CPU.ActiveCfg = Debug|Any CPU
		{96F56795-90F1-43B7-8763-7918E6FB7ED3}.Debug|Any CPU.Build.0 = Debug|Any CPU
		{96F56795-90F1-43B7-8763-7918E6FB7ED3}.Release|Any CPU.ActiveCfg = Release|Any CPU
		{96F56795-90F1-43B7-8763-7918E6FB7ED3}.Release|Any CPU.Build.0 = Release|Any CPU
	EndGlobalSection
	GlobalSection(SolutionProperties) = preSolution
		HideSolutionNode = FALSE
	EndGlobalSection
	GlobalSection(ExtensibilityGlobals) = postSolution
		SolutionGuid = {DC391F90-9E5D-4411-8350-F672B75B14B0}
	EndGlobalSection
EndGlobal
