
Microsoft Visual Studio Solution File, Format Version 12.00
# Visual Studio 15
VisualStudioVersion = 15.0.28307.1267
MinimumVisualStudioVersion = 10.0.40219.1
Project("{FAE04EC0-301F-11D3-BF4B-00C04F79EFBC}") = "Cau2", "Cau2\Cau2.csproj", "{FADD3FFF-6477-462A-9D2C-8EB8761C85B8}"
EndProject
Global
	GlobalSection(SolutionConfigurationPlatforms) = preSolution
		Debug|Any CPU = Debug|Any CPU
		Release|Any CPU = Release|Any CPU
	EndGlobalSection
	GlobalSection(ProjectConfigurationPlatforms) = postSolution
		{FADD3FFF-6477-462A-9D2C-8EB8761C85B8}.Debug|Any CPU.ActiveCfg = Debug|Any CPU
		{FADD3FFF-6477-462A-9D2C-8EB8761C85B8}.Debug|Any CPU.Build.0 = Debug|Any CPU
		{FADD3FFF-6477-462A-9D2C-8EB8761C85B8}.Release|Any CPU.ActiveCfg = Release|Any CPU
		{FADD3FFF-6477-462A-9D2C-8EB8761C85B8}.Release|Any CPU.Build.0 = Release|Any CPU
	EndGlobalSection
	GlobalSection(SolutionProperties) = preSolution
		HideSolutionNode = FALSE
	EndGlobalSection
	GlobalSection(ExtensibilityGlobals) = postSolution
		SolutionGuid = {C0E48259-1F7C-438B-A5EA-63B6A0F3A9BD}
	EndGlobalSection
EndGlobal
