
Microsoft Visual Studio Solution File, Format Version 12.00
# Visual Studio 15
VisualStudioVersion = 15.0.28307.1259
MinimumVisualStudioVersion = 10.0.40219.1
Project("{FAE04EC0-301F-11D3-BF4B-00C04F79EFBC}") = "Cau3", "Baitap3\Cau3.csproj", "{65422410-B044-4325-9168-EAA2837C73DC}"
EndProject
Global
	GlobalSection(SolutionConfigurationPlatforms) = preSolution
		Debug|Any CPU = Debug|Any CPU
		Release|Any CPU = Release|Any CPU
	EndGlobalSection
	GlobalSection(ProjectConfigurationPlatforms) = postSolution
		{65422410-B044-4325-9168-EAA2837C73DC}.Debug|Any CPU.ActiveCfg = Debug|Any CPU
		{65422410-B044-4325-9168-EAA2837C73DC}.Debug|Any CPU.Build.0 = Debug|Any CPU
		{65422410-B044-4325-9168-EAA2837C73DC}.Release|Any CPU.ActiveCfg = Release|Any CPU
		{65422410-B044-4325-9168-EAA2837C73DC}.Release|Any CPU.Build.0 = Release|Any CPU
	EndGlobalSection
	GlobalSection(SolutionProperties) = preSolution
		HideSolutionNode = FALSE
	EndGlobalSection
	GlobalSection(ExtensibilityGlobals) = postSolution
		SolutionGuid = {65757754-6AE6-47FA-ADCC-9A4C96ED490E}
	EndGlobalSection
EndGlobal
