
Microsoft Visual Studio Solution File, Format Version 12.00
# Visual Studio 15
VisualStudioVersion = 15.0.28307.1300
MinimumVisualStudioVersion = 10.0.40219.1
Project("{FAE04EC0-301F-11D3-BF4B-00C04F79EFBC}") = "Cau1.2.1", "Cau1.2\Cau1.2.1.csproj", "{99ADF8BE-B3DC-452A-B3F4-050C500546F5}"
EndProject
Project("{FAE04EC0-301F-11D3-BF4B-00C04F79EFBC}") = "Cau1.2.2", "Cau1.2.2\Cau1.2.2.csproj", "{39C686EF-D5F6-45A3-A146-12A63E0D3F9A}"
EndProject
Global
	GlobalSection(SolutionConfigurationPlatforms) = preSolution
		Debug|Any CPU = Debug|Any CPU
		Release|Any CPU = Release|Any CPU
	EndGlobalSection
	GlobalSection(ProjectConfigurationPlatforms) = postSolution
		{99ADF8BE-B3DC-452A-B3F4-050C500546F5}.Debug|Any CPU.ActiveCfg = Debug|Any CPU
		{99ADF8BE-B3DC-452A-B3F4-050C500546F5}.Debug|Any CPU.Build.0 = Debug|Any CPU
		{99ADF8BE-B3DC-452A-B3F4-050C500546F5}.Release|Any CPU.ActiveCfg = Release|Any CPU
		{99ADF8BE-B3DC-452A-B3F4-050C500546F5}.Release|Any CPU.Build.0 = Release|Any CPU
		{39C686EF-D5F6-45A3-A146-12A63E0D3F9A}.Debug|Any CPU.ActiveCfg = Debug|Any CPU
		{39C686EF-D5F6-45A3-A146-12A63E0D3F9A}.Debug|Any CPU.Build.0 = Debug|Any CPU
		{39C686EF-D5F6-45A3-A146-12A63E0D3F9A}.Release|Any CPU.ActiveCfg = Release|Any CPU
		{39C686EF-D5F6-45A3-A146-12A63E0D3F9A}.Release|Any CPU.Build.0 = Release|Any CPU
	EndGlobalSection
	GlobalSection(SolutionProperties) = preSolution
		HideSolutionNode = FALSE
	EndGlobalSection
	GlobalSection(ExtensibilityGlobals) = postSolution
		SolutionGuid = {0717A5F0-3907-4487-B70B-6C9567DE2ABC}
	EndGlobalSection
EndGlobal
