
Microsoft Visual Studio Solution File, Format Version 12.00
# Visual Studio 15
VisualStudioVersion = 15.0.28307.1267
MinimumVisualStudioVersion = 10.0.40219.1
Project("{FAE04EC0-301F-11D3-BF4B-00C04F79EFBC}") = "Server", "Server\Server.csproj", "{CDC3A1DC-F881-4D7B-9A83-2940ACBB39AC}"
EndProject
Global
	GlobalSection(SolutionConfigurationPlatforms) = preSolution
		Debug|Any CPU = Debug|Any CPU
		Release|Any CPU = Release|Any CPU
	EndGlobalSection
	GlobalSection(ProjectConfigurationPlatforms) = postSolution
		{CDC3A1DC-F881-4D7B-9A83-2940ACBB39AC}.Debug|Any CPU.ActiveCfg = Debug|Any CPU
		{CDC3A1DC-F881-4D7B-9A83-2940ACBB39AC}.Debug|Any CPU.Build.0 = Debug|Any CPU
		{CDC3A1DC-F881-4D7B-9A83-2940ACBB39AC}.Release|Any CPU.ActiveCfg = Release|Any CPU
		{CDC3A1DC-F881-4D7B-9A83-2940ACBB39AC}.Release|Any CPU.Build.0 = Release|Any CPU
	EndGlobalSection
	GlobalSection(SolutionProperties) = preSolution
		HideSolutionNode = FALSE
	EndGlobalSection
	GlobalSection(ExtensibilityGlobals) = postSolution
		SolutionGuid = {016E65F3-73E3-44C0-951C-28A1DEAFD715}
	EndGlobalSection
EndGlobal
