
Microsoft Visual Studio Solution File, Format Version 12.00
# Visual Studio 15
VisualStudioVersion = 15.0.28307.1267
MinimumVisualStudioVersion = 10.0.40219.1
Project("{FAE04EC0-301F-11D3-BF4B-00C04F79EFBC}") = "Cau3", "Cau3\Cau3.csproj", "{F95CF69E-FE1A-4433-9291-272BB30F1174}"
EndProject
Project("{FAE04EC0-301F-11D3-BF4B-00C04F79EFBC}") = "Cau3_Client", "Cau3_Client\Cau3_Client.csproj", "{30BA5823-4C60-4932-AEB6-8A37E13D6D31}"
EndProject
Global
	GlobalSection(SolutionConfigurationPlatforms) = preSolution
		Debug|Any CPU = Debug|Any CPU
		Release|Any CPU = Release|Any CPU
	EndGlobalSection
	GlobalSection(ProjectConfigurationPlatforms) = postSolution
		{F95CF69E-FE1A-4433-9291-272BB30F1174}.Debug|Any CPU.ActiveCfg = Debug|Any CPU
		{F95CF69E-FE1A-4433-9291-272BB30F1174}.Debug|Any CPU.Build.0 = Debug|Any CPU
		{F95CF69E-FE1A-4433-9291-272BB30F1174}.Release|Any CPU.ActiveCfg = Release|Any CPU
		{F95CF69E-FE1A-4433-9291-272BB30F1174}.Release|Any CPU.Build.0 = Release|Any CPU
		{30BA5823-4C60-4932-AEB6-8A37E13D6D31}.Debug|Any CPU.ActiveCfg = Debug|Any CPU
		{30BA5823-4C60-4932-AEB6-8A37E13D6D31}.Debug|Any CPU.Build.0 = Debug|Any CPU
		{30BA5823-4C60-4932-AEB6-8A37E13D6D31}.Release|Any CPU.ActiveCfg = Release|Any CPU
		{30BA5823-4C60-4932-AEB6-8A37E13D6D31}.Release|Any CPU.Build.0 = Release|Any CPU
	EndGlobalSection
	GlobalSection(SolutionProperties) = preSolution
		HideSolutionNode = FALSE
	EndGlobalSection
	GlobalSection(ExtensibilityGlobals) = postSolution
		SolutionGuid = {F8D0476B-BE59-400E-9720-AE567817D1F5}
	EndGlobalSection
EndGlobal
