
Microsoft Visual Studio Solution File, Format Version 12.00
# Visual Studio 15
VisualStudioVersion = 15.0.28307.1267
MinimumVisualStudioVersion = 10.0.40219.1
Project("{FAE04EC0-301F-11D3-BF4B-00C04F79EFBC}") = "Cau3", "Cau3\Cau3.csproj", "{5556A394-8DB9-4471-A8C3-E9C43328E00B}"
EndProject
Global
	GlobalSection(SolutionConfigurationPlatforms) = preSolution
		Debug|Any CPU = Debug|Any CPU
		Release|Any CPU = Release|Any CPU
	EndGlobalSection
	GlobalSection(ProjectConfigurationPlatforms) = postSolution
		{5556A394-8DB9-4471-A8C3-E9C43328E00B}.Debug|Any CPU.ActiveCfg = Debug|Any CPU
		{5556A394-8DB9-4471-A8C3-E9C43328E00B}.Debug|Any CPU.Build.0 = Debug|Any CPU
		{5556A394-8DB9-4471-A8C3-E9C43328E00B}.Release|Any CPU.ActiveCfg = Release|Any CPU
		{5556A394-8DB9-4471-A8C3-E9C43328E00B}.Release|Any CPU.Build.0 = Release|Any CPU
	EndGlobalSection
	GlobalSection(SolutionProperties) = preSolution
		HideSolutionNode = FALSE
	EndGlobalSection
	GlobalSection(ExtensibilityGlobals) = postSolution
		SolutionGuid = {DE950633-ED29-480B-998A-463D90D60C36}
	EndGlobalSection
EndGlobal
