
Microsoft Visual Studio Solution File, Format Version 12.00
# Visual Studio 15
VisualStudioVersion = 15.0.28307.1267
MinimumVisualStudioVersion = 10.0.40219.1
Project("{FAE04EC0-301F-11D3-BF4B-00C04F79EFBC}") = "Cau3_Server", "Cau3\Cau3_Server.csproj", "{671DA462-A6E1-47A9-B54E-42E7DA99D896}"
EndProject
Project("{FAE04EC0-301F-11D3-BF4B-00C04F79EFBC}") = "Cau3_Client", "Cau3_Client\Cau3_Client.csproj", "{5F5572AB-A14D-4FB6-846B-21CB8DA89A86}"
EndProject
Global
	GlobalSection(SolutionConfigurationPlatforms) = preSolution
		Debug|Any CPU = Debug|Any CPU
		Release|Any CPU = Release|Any CPU
	EndGlobalSection
	GlobalSection(ProjectConfigurationPlatforms) = postSolution
		{671DA462-A6E1-47A9-B54E-42E7DA99D896}.Debug|Any CPU.ActiveCfg = Debug|Any CPU
		{671DA462-A6E1-47A9-B54E-42E7DA99D896}.Debug|Any CPU.Build.0 = Debug|Any CPU
		{671DA462-A6E1-47A9-B54E-42E7DA99D896}.Release|Any CPU.ActiveCfg = Release|Any CPU
		{671DA462-A6E1-47A9-B54E-42E7DA99D896}.Release|Any CPU.Build.0 = Release|Any CPU
		{5F5572AB-A14D-4FB6-846B-21CB8DA89A86}.Debug|Any CPU.ActiveCfg = Debug|Any CPU
		{5F5572AB-A14D-4FB6-846B-21CB8DA89A86}.Debug|Any CPU.Build.0 = Debug|Any CPU
		{5F5572AB-A14D-4FB6-846B-21CB8DA89A86}.Release|Any CPU.ActiveCfg = Release|Any CPU
		{5F5572AB-A14D-4FB6-846B-21CB8DA89A86}.Release|Any CPU.Build.0 = Release|Any CPU
	EndGlobalSection
	GlobalSection(SolutionProperties) = preSolution
		HideSolutionNode = FALSE
	EndGlobalSection
	GlobalSection(ExtensibilityGlobals) = postSolution
		SolutionGuid = {91C2117D-CAD7-4942-9797-2628723467D5}
	EndGlobalSection
EndGlobal
